# This file is automatically @generated by Cargo.
# It is not intended for manual editing.
version = 3

[[package]]
name = "behavioral"
version = "0.1.0"

[[package]]
name = "creational"
version = "0.1.0"

[[package]]
name = "rust-design-pattern"
version = "0.1.0"
dependencies = [
 "creational",
]

[[package]]
name = "structural"
version = "0.1.0"
